
Microsoft Visual Studio Solution File, Format Version 12.00
# Visual Studio Version 17
VisualStudioVersion = 17.9.34714.143
MinimumVisualStudioVersion = 10.0.40219.1
Project("{FAE04EC0-301F-11D3-BF4B-00C04F79EFBC}") = "DotNet_ClassAndObject", "DotNet_ClassAndObject\DotNet_ClassAndObject.csproj", "{FA72E7C1-684E-4A06-8D0F-7091AE3EFEB8}"
EndProject
Global
	GlobalSection(SolutionConfigurationPlatforms) = preSolution
		Debug|Any CPU = Debug|Any CPU
		Release|Any CPU = Release|Any CPU
	EndGlobalSection
	GlobalSection(ProjectConfigurationPlatforms) = postSolution
		{FA72E7C1-684E-4A06-8D0F-7091AE3EFEB8}.Debug|Any CPU.ActiveCfg = Debug|Any CPU
		{FA72E7C1-684E-4A06-8D0F-7091AE3EFEB8}.Debug|Any CPU.Build.0 = Debug|Any CPU
		{FA72E7C1-684E-4A06-8D0F-7091AE3EFEB8}.Release|Any CPU.ActiveCfg = Release|Any CPU
		{FA72E7C1-684E-4A06-8D0F-7091AE3EFEB8}.Release|Any CPU.Build.0 = Release|Any CPU
	EndGlobalSection
	GlobalSection(SolutionProperties) = preSolution
		HideSolutionNode = FALSE
	EndGlobalSection
	GlobalSection(ExtensibilityGlobals) = postSolution
		SolutionGuid = {AF92CB42-E5AE-4365-AB10-1BC59484EAAF}
	EndGlobalSection
EndGlobal
